// !$*UTF8*$!
{
	archiveVersion = 1;
	classes = {
	};
	objectVersion = 51;
	objects = {

/* Begin PBXBuildFile section */
		5E56DFC8E06858C93369A5B1 /* Pods_Orion.framework in Frameworks */ = {isa = PBXBuildFile; fileRef = 4070D622C850E1CC6752796D /* Pods_Orion.framework */; };
		FF11D71525FAE8EA00923764 /* Favicons.js in Resources */ = {isa = PBXBuildFile; fileRef = FF11D71425FAE8EA00923764 /* Favicons.js */; };
		FF11D71825FAE8F400923764 /* FirefoxToOrion.js in Resources */ = {isa = PBXBuildFile; fileRef = FF11D71725FAE8F400923764 /* FirefoxToOrion.js */; };
		FF11D71B25FAEA0500923764 /* topdomains.txt in Resources */ = {isa = PBXBuildFile; fileRef = FF11D71A25FAEA0500923764 /* topdomains.txt */; };
		FF1C40CC25FFE97800B1822F /* URL+Extension.swift in Sources */ = {isa = PBXBuildFile; fileRef = FF1C40CB25FFE97800B1822F /* URL+Extension.swift */; };
		FF1C40D225FFF08C00B1822F /* String+Extensions.swift in Sources */ = {isa = PBXBuildFile; fileRef = FF1C40D125FFF08C00B1822F /* String+Extensions.swift */; };
		FF1C40D625FFF3EB00B1822F /* effective_tld_names.swift in Sources */ = {isa = PBXBuildFile; fileRef = FF1C40D525FFF3EB00B1822F /* effective_tld_names.swift */; };
		FF1C40D925FFF46000B1822F /* OpenInHelper.swift in Sources */ = {isa = PBXBuildFile; fileRef = FF1C40D825FFF46000B1822F /* OpenInHelper.swift */; };
		FF1C40DC25FFF6D000B1822F /* Array+Extension.swift in Sources */ = {isa = PBXBuildFile; fileRef = FF1C40DB25FFF6D000B1822F /* Array+Extension.swift */; };
		FF2BE29425FAC8FA0009418E /* Functions.swift in Sources */ = {isa = PBXBuildFile; fileRef = FF2BE29325FAC8FA0009418E /* Functions.swift */; };
		FF2BE2A125FAC9510009418E /* UIViewController+Extension.swift in Sources */ = {isa = PBXBuildFile; fileRef = FF2BE2A025FAC9510009418E /* UIViewController+Extension.swift */; };
		FF2BE2A625FAC9E40009418E /* BuiltinExtension.swift in Sources */ = {isa = PBXBuildFile; fileRef = FF2BE2A525FAC9E40009418E /* BuiltinExtension.swift */; };
		FF2BE2AB25FAC9FA0009418E /* FaviconGetter.swift in Sources */ = {isa = PBXBuildFile; fileRef = FF2BE2AA25FAC9FA0009418E /* FaviconGetter.swift */; };
		FF2BE2B525FACA8D0009418E /* UIImage+Extension.swift in Sources */ = {isa = PBXBuildFile; fileRef = FF2BE2B425FACA8D0009418E /* UIImage+Extension.swift */; };
		FF2BE2BA25FACAAC0009418E /* OrderedSet.swift in Sources */ = {isa = PBXBuildFile; fileRef = FF2BE2B925FACAAC0009418E /* OrderedSet.swift */; };
		FF4D883F25F9F09800C1263F /* AppDelegate.swift in Sources */ = {isa = PBXBuildFile; fileRef = FF4D883E25F9F09800C1263F /* AppDelegate.swift */; };
		FF4D884625F9F09800C1263F /* Main.storyboard in Resources */ = {isa = PBXBuildFile; fileRef = FF4D884425F9F09800C1263F /* Main.storyboard */; };
		FF4D884825F9F09B00C1263F /* Assets.xcassets in Resources */ = {isa = PBXBuildFile; fileRef = FF4D884725F9F09B00C1263F /* Assets.xcassets */; };
		FF4D884B25F9F09B00C1263F /* LaunchScreen.storyboard in Resources */ = {isa = PBXBuildFile; fileRef = FF4D884925F9F09B00C1263F /* LaunchScreen.storyboard */; };
		FF55514325FA0B330028F6CF /* URLBar.swift in Sources */ = {isa = PBXBuildFile; fileRef = FF55514225FA0B330028F6CF /* URLBar.swift */; };
		FF55514B25FA0CCE0028F6CF /* UIColor+Extension.swift in Sources */ = {isa = PBXBuildFile; fileRef = FF55514A25FA0CCE0028F6CF /* UIColor+Extension.swift */; };
		FF74D4C625FEC7410005E1CD /* UserAgent.swift in Sources */ = {isa = PBXBuildFile; fileRef = FF74D4C525FEC7410005E1CD /* UserAgent.swift */; };
		FF74D4C925FEC7810005E1CD /* AppInfo.swift in Sources */ = {isa = PBXBuildFile; fileRef = FF74D4C825FEC7810005E1CD /* AppInfo.swift */; };
		FF74D4CC25FEC7B80005E1CD /* DeviceInfo.swift in Sources */ = {isa = PBXBuildFile; fileRef = FF74D4CB25FEC7B80005E1CD /* DeviceInfo.swift */; };
		FF848E1D25FA10F60069F769 /* UIView+Extension.swift in Sources */ = {isa = PBXBuildFile; fileRef = FF848E1C25FA10F60069F769 /* UIView+Extension.swift */; };
		FFB84FC925FF37B0009EFF8B /* DownloadQueue.swift in Sources */ = {isa = PBXBuildFile; fileRef = FFB84FC825FF37B0009EFF8B /* DownloadQueue.swift */; };
		FFB84FCC25FF3894009EFF8B /* DownloadContentScript.swift in Sources */ = {isa = PBXBuildFile; fileRef = FFB84FCB25FF3894009EFF8B /* DownloadContentScript.swift */; };
		FFB84FCF25FF3BDA009EFF8B /* Bytes.swift in Sources */ = {isa = PBXBuildFile; fileRef = FFB84FCE25FF3BDA009EFF8B /* Bytes.swift */; };
		FFB84FDB25FF4433009EFF8B /* DownloadToast.swift in Sources */ = {isa = PBXBuildFile; fileRef = FFB84FDA25FF4433009EFF8B /* DownloadToast.swift */; };
		FFB84FDE25FF4477009EFF8B /* Toast.swift in Sources */ = {isa = PBXBuildFile; fileRef = FFB84FDD25FF4477009EFF8B /* Toast.swift */; };
		FFB84FE125FF44B4009EFF8B /* SimpleToast.swift in Sources */ = {isa = PBXBuildFile; fileRef = FFB84FE025FF44B4009EFF8B /* SimpleToast.swift */; };
		FFB84FE425FF450C009EFF8B /* ButtonToast.swift in Sources */ = {isa = PBXBuildFile; fileRef = FFB84FE325FF450C009EFF8B /* ButtonToast.swift */; };
		FFB84FE725FF45F2009EFF8B /* AlertController.swift in Sources */ = {isa = PBXBuildFile; fileRef = FFB84FE625FF45F2009EFF8B /* AlertController.swift */; };
		FFB9E07325FC6619006B2654 /* TopSitesGetter.swift in Sources */ = {isa = PBXBuildFile; fileRef = FFB9E07225FC6619006B2654 /* TopSitesGetter.swift */; };
		FFB9E07625FC6745006B2654 /* TopSites.js in Resources */ = {isa = PBXBuildFile; fileRef = FFB9E07525FC6745006B2654 /* TopSites.js */; };
		FFD279EF25FECDE8000F6DDC /* __firefox__.js in Resources */ = {isa = PBXBuildFile; fileRef = FFD279EE25FECDE8000F6DDC /* __firefox__.js */; };
		FFFB0BA925F9F18400DA0FB6 /* BrowserViewController.swift in Sources */ = {isa = PBXBuildFile; fileRef = FFFB0BA825F9F18400DA0FB6 /* BrowserViewController.swift */; };
		FFFB0BBC25F9F7CD00DA0FB6 /* WebView+Extension.swift in Sources */ = {isa = PBXBuildFile; fileRef = FFFB0BBB25F9F7CD00DA0FB6 /* WebView+Extension.swift */; };
		FFFB261825FADC1F00B8E7D5 /* SharedConfig.swift in Sources */ = {isa = PBXBuildFile; fileRef = FFFB261725FADC1F00B8E7D5 /* SharedConfig.swift */; };
		FFFB262725FADD9A00B8E7D5 /* Then.swift in Sources */ = {isa = PBXBuildFile; fileRef = FFFB262625FADD9A00B8E7D5 /* Then.swift */; };
		FFFB262B25FADEA900B8E7D5 /* TabContainerView.swift in Sources */ = {isa = PBXBuildFile; fileRef = FFFB262A25FADEA800B8E7D5 /* TabContainerView.swift */; };
		FFFB262F25FADECE00B8E7D5 /* TabView.swift in Sources */ = {isa = PBXBuildFile; fileRef = FFFB262E25FADECE00B8E7D5 /* TabView.swift */; };
		FFFB263225FADEEC00B8E7D5 /* WebContainerView.swift in Sources */ = {isa = PBXBuildFile; fileRef = FFFB263125FADEEC00B8E7D5 /* WebContainerView.swift */; };
		FFFB263525FADF0D00B8E7D5 /* Notification+Extension.swift in Sources */ = {isa = PBXBuildFile; fileRef = FFFB263425FADF0D00B8E7D5 /* Notification+Extension.swift */; };
		FFFB263A25FADF6A00B8E7D5 /* MigrationManager.swift in Sources */ = {isa = PBXBuildFile; fileRef = FFFB263925FADF6A00B8E7D5 /* MigrationManager.swift */; };
		FFFB263D25FADF7D00B8E7D5 /* WebViewManager.swift in Sources */ = {isa = PBXBuildFile; fileRef = FFFB263C25FADF7D00B8E7D5 /* WebViewManager.swift */; };
		FFFB264025FADF9700B8E7D5 /* SuggestionManager.swift in Sources */ = {isa = PBXBuildFile; fileRef = FFFB263F25FADF9700B8E7D5 /* SuggestionManager.swift */; };
		FFFB264325FADFAD00B8E7D5 /* WebServer.swift in Sources */ = {isa = PBXBuildFile; fileRef = FFFB264225FADFAD00B8E7D5 /* WebServer.swift */; };
		FFFB264625FADFC400B8E7D5 /* AdBlockManager.swift in Sources */ = {isa = PBXBuildFile; fileRef = FFFB264525FADFC400B8E7D5 /* AdBlockManager.swift */; };
		FFFB264A25FAE00500B8E7D5 /* ExtensionModel.swift in Sources */ = {isa = PBXBuildFile; fileRef = FFFB264925FAE00500B8E7D5 /* ExtensionModel.swift */; };
		FFFB264E25FAE01B00B8E7D5 /* BrowsingSession.swift in Sources */ = {isa = PBXBuildFile; fileRef = FFFB264D25FAE01B00B8E7D5 /* BrowsingSession.swift */; };
		FFFB265125FAE02E00B8E7D5 /* HistoryEntry.swift in Sources */ = {isa = PBXBuildFile; fileRef = FFFB265025FAE02E00B8E7D5 /* HistoryEntry.swift */; };
		FFFB265425FAE04000B8E7D5 /* BookMark.swift in Sources */ = {isa = PBXBuildFile; fileRef = FFFB265325FAE04000B8E7D5 /* BookMark.swift */; };
		FFFB265A25FAE1FD00B8E7D5 /* TabCountButton.swift in Sources */ = {isa = PBXBuildFile; fileRef = FFFB265925FAE1FD00B8E7D5 /* TabCountButton.swift */; };
		FFFB265E25FAE2B500B8E7D5 /* DoneAccessoryView.swift in Sources */ = {isa = PBXBuildFile; fileRef = FFFB265D25FAE2B500B8E7D5 /* DoneAccessoryView.swift */; };
		FFFB266225FAE30B00B8E7D5 /* SharedTextField.swift in Sources */ = {isa = PBXBuildFile; fileRef = FFFB266125FAE30A00B8E7D5 /* SharedTextField.swift */; };
		FFFB266525FAE32200B8E7D5 /* SharedDropdownMenu.swift in Sources */ = {isa = PBXBuildFile; fileRef = FFFB266425FAE32200B8E7D5 /* SharedDropdownMenu.swift */; };
		FFFB266825FAE33B00B8E7D5 /* BookmarkCollectionViewCell.swift in Sources */ = {isa = PBXBuildFile; fileRef = FFFB266725FAE33B00B8E7D5 /* BookmarkCollectionViewCell.swift */; };
		FFFB266B25FAE35500B8E7D5 /* BookmarkTableViewCell.swift in Sources */ = {isa = PBXBuildFile; fileRef = FFFB266A25FAE35500B8E7D5 /* BookmarkTableViewCell.swift */; };
		FFFB266E25FAE36900B8E7D5 /* AutocompleteView.swift in Sources */ = {isa = PBXBuildFile; fileRef = FFFB266D25FAE36900B8E7D5 /* AutocompleteView.swift */; };
		FFFB267125FAE38000B8E7D5 /* TabCollectionViewCell.swift in Sources */ = {isa = PBXBuildFile; fileRef = FFFB267025FAE38000B8E7D5 /* TabCollectionViewCell.swift */; };
		FFFB267425FAE52D00B8E7D5 /* HistoryTableViewController.swift in Sources */ = {isa = PBXBuildFile; fileRef = FFFB267325FAE52D00B8E7D5 /* HistoryTableViewController.swift */; };
		FFFB267725FAE5AF00B8E7D5 /* ExtensionsTableViewController.swift in Sources */ = {isa = PBXBuildFile; fileRef = FFFB267625FAE5AE00B8E7D5 /* ExtensionsTableViewController.swift */; };
		FFFB267A25FAE5CB00B8E7D5 /* ScriptEditorViewController.swift in Sources */ = {isa = PBXBuildFile; fileRef = FFFB267925FAE5CB00B8E7D5 /* ScriptEditorViewController.swift */; };
		FFFB267D25FAE5E500B8E7D5 /* BookmarkCollectionViewController.swift in Sources */ = {isa = PBXBuildFile; fileRef = FFFB267C25FAE5E500B8E7D5 /* BookmarkCollectionViewController.swift */; };
		FFFB268025FAE60C00B8E7D5 /* AddBookmarkTableViewController.swift in Sources */ = {isa = PBXBuildFile; fileRef = FFFB267F25FAE60C00B8E7D5 /* AddBookmarkTableViewController.swift */; };
		FFFB268325FAE62700B8E7D5 /* SettingsTableViewController.swift in Sources */ = {isa = PBXBuildFile; fileRef = FFFB268225FAE62700B8E7D5 /* SettingsTableViewController.swift */; };
		FFFB268625FAE64500B8E7D5 /* TabTrayViewController.swift in Sources */ = {isa = PBXBuildFile; fileRef = FFFB268525FAE64500B8E7D5 /* TabTrayViewController.swift */; };
/* End PBXBuildFile section */

/* Begin PBXFileReference section */
		4070D622C850E1CC6752796D /* Pods_Orion.framework */ = {isa = PBXFileReference; explicitFileType = wrapper.framework; includeInIndex = 0; path = Pods_Orion.framework; sourceTree = BUILT_PRODUCTS_DIR; };
		9F3ACF5D4E78DD052AB0E7F0 /* Pods-Orion.release.xcconfig */ = {isa = PBXFileReference; includeInIndex = 1; lastKnownFileType = text.xcconfig; name = "Pods-Orion.release.xcconfig"; path = "Target Support Files/Pods-Orion/Pods-Orion.release.xcconfig"; sourceTree = "<group>"; };
		F6EEA1785816E58BAE6F3952 /* Pods-Orion.debug.xcconfig */ = {isa = PBXFileReference; includeInIndex = 1; lastKnownFileType = text.xcconfig; name = "Pods-Orion.debug.xcconfig"; path = "Target Support Files/Pods-Orion/Pods-Orion.debug.xcconfig"; sourceTree = "<group>"; };
		FF11D71425FAE8EA00923764 /* Favicons.js */ = {isa = PBXFileReference; fileEncoding = 4; lastKnownFileType = sourcecode.javascript; path = Favicons.js; sourceTree = "<group>"; };
		FF11D71725FAE8F400923764 /* FirefoxToOrion.js */ = {isa = PBXFileReference; fileEncoding = 4; lastKnownFileType = sourcecode.javascript; path = FirefoxToOrion.js; sourceTree = "<group>"; };
		FF11D71A25FAEA0500923764 /* topdomains.txt */ = {isa = PBXFileReference; fileEncoding = 4; lastKnownFileType = text; path = topdomains.txt; sourceTree = "<group>"; };
		FF1C40CB25FFE97800B1822F /* URL+Extension.swift */ = {isa = PBXFileReference; lastKnownFileType = sourcecode.swift; path = "URL+Extension.swift"; sourceTree = "<group>"; };
		FF1C40D125FFF08C00B1822F /* String+Extensions.swift */ = {isa = PBXFileReference; lastKnownFileType = sourcecode.swift; path = "String+Extensions.swift"; sourceTree = "<group>"; };
		FF1C40D525FFF3EB00B1822F /* effective_tld_names.swift */ = {isa = PBXFileReference; lastKnownFileType = sourcecode.swift; path = effective_tld_names.swift; sourceTree = "<group>"; };
		FF1C40D825FFF46000B1822F /* OpenInHelper.swift */ = {isa = PBXFileReference; lastKnownFileType = sourcecode.swift; path = OpenInHelper.swift; sourceTree = "<group>"; };
		FF1C40DB25FFF6D000B1822F /* Array+Extension.swift */ = {isa = PBXFileReference; lastKnownFileType = sourcecode.swift; path = "Array+Extension.swift"; sourceTree = "<group>"; };
		FF2BE29325FAC8FA0009418E /* Functions.swift */ = {isa = PBXFileReference; lastKnownFileType = sourcecode.swift; path = Functions.swift; sourceTree = "<group>"; };
		FF2BE2A025FAC9510009418E /* UIViewController+Extension.swift */ = {isa = PBXFileReference; lastKnownFileType = sourcecode.swift; path = "UIViewController+Extension.swift"; sourceTree = "<group>"; };
		FF2BE2A525FAC9E40009418E /* BuiltinExtension.swift */ = {isa = PBXFileReference; lastKnownFileType = sourcecode.swift; path = BuiltinExtension.swift; sourceTree = "<group>"; };
		FF2BE2AA25FAC9FA0009418E /* FaviconGetter.swift */ = {isa = PBXFileReference; lastKnownFileType = sourcecode.swift; path = FaviconGetter.swift; sourceTree = "<group>"; };
		FF2BE2B425FACA8D0009418E /* UIImage+Extension.swift */ = {isa = PBXFileReference; lastKnownFileType = sourcecode.swift; path = "UIImage+Extension.swift"; sourceTree = "<group>"; };
		FF2BE2B925FACAAC0009418E /* OrderedSet.swift */ = {isa = PBXFileReference; lastKnownFileType = sourcecode.swift; path = OrderedSet.swift; sourceTree = "<group>"; };
		FF4D883B25F9F09800C1263F /* Orion.app */ = {isa = PBXFileReference; explicitFileType = wrapper.application; includeInIndex = 0; path = Orion.app; sourceTree = BUILT_PRODUCTS_DIR; };
		FF4D883E25F9F09800C1263F /* AppDelegate.swift */ = {isa = PBXFileReference; lastKnownFileType = sourcecode.swift; path = AppDelegate.swift; sourceTree = "<group>"; };
		FF4D884525F9F09800C1263F /* Base */ = {isa = PBXFileReference; lastKnownFileType = file.storyboard; name = Base; path = Base.lproj/Main.storyboard; sourceTree = "<group>"; };
		FF4D884725F9F09B00C1263F /* Assets.xcassets */ = {isa = PBXFileReference; lastKnownFileType = folder.assetcatalog; path = Assets.xcassets; sourceTree = "<group>"; };
		FF4D884A25F9F09B00C1263F /* Base */ = {isa = PBXFileReference; lastKnownFileType = file.storyboard; name = Base; path = Base.lproj/LaunchScreen.storyboard; sourceTree = "<group>"; };
		FF4D884C25F9F09B00C1263F /* Info.plist */ = {isa = PBXFileReference; lastKnownFileType = text.plist.xml; path = Info.plist; sourceTree = "<group>"; };
		FF55514225FA0B330028F6CF /* URLBar.swift */ = {isa = PBXFileReference; lastKnownFileType = sourcecode.swift; path = URLBar.swift; sourceTree = "<group>"; };
		FF55514A25FA0CCE0028F6CF /* UIColor+Extension.swift */ = {isa = PBXFileReference; lastKnownFileType = sourcecode.swift; path = "UIColor+Extension.swift"; sourceTree = "<group>"; };
		FF74D4C525FEC7410005E1CD /* UserAgent.swift */ = {isa = PBXFileReference; lastKnownFileType = sourcecode.swift; path = UserAgent.swift; sourceTree = "<group>"; };
		FF74D4C825FEC7810005E1CD /* AppInfo.swift */ = {isa = PBXFileReference; lastKnownFileType = sourcecode.swift; path = AppInfo.swift; sourceTree = "<group>"; };
		FF74D4CB25FEC7B80005E1CD /* DeviceInfo.swift */ = {isa = PBXFileReference; lastKnownFileType = sourcecode.swift; path = DeviceInfo.swift; sourceTree = "<group>"; };
		FF848E1C25FA10F60069F769 /* UIView+Extension.swift */ = {isa = PBXFileReference; lastKnownFileType = sourcecode.swift; path = "UIView+Extension.swift"; sourceTree = "<group>"; };
		FFB84FC825FF37B0009EFF8B /* DownloadQueue.swift */ = {isa = PBXFileReference; lastKnownFileType = sourcecode.swift; path = DownloadQueue.swift; sourceTree = "<group>"; };
		FFB84FCB25FF3894009EFF8B /* DownloadContentScript.swift */ = {isa = PBXFileReference; lastKnownFileType = sourcecode.swift; path = DownloadContentScript.swift; sourceTree = "<group>"; };
		FFB84FCE25FF3BDA009EFF8B /* Bytes.swift */ = {isa = PBXFileReference; lastKnownFileType = sourcecode.swift; path = Bytes.swift; sourceTree = "<group>"; };
		FFB84FDA25FF4433009EFF8B /* DownloadToast.swift */ = {isa = PBXFileReference; lastKnownFileType = sourcecode.swift; path = DownloadToast.swift; sourceTree = "<group>"; };
		FFB84FDD25FF4477009EFF8B /* Toast.swift */ = {isa = PBXFileReference; lastKnownFileType = sourcecode.swift; path = Toast.swift; sourceTree = "<group>"; };
		FFB84FE025FF44B4009EFF8B /* SimpleToast.swift */ = {isa = PBXFileReference; lastKnownFileType = sourcecode.swift; path = SimpleToast.swift; sourceTree = "<group>"; };
		FFB84FE325FF450C009EFF8B /* ButtonToast.swift */ = {isa = PBXFileReference; lastKnownFileType = sourcecode.swift; path = ButtonToast.swift; sourceTree = "<group>"; };
		FFB84FE625FF45F2009EFF8B /* AlertController.swift */ = {isa = PBXFileReference; lastKnownFileType = sourcecode.swift; path = AlertController.swift; sourceTree = "<group>"; };
		FFB9E07225FC6619006B2654 /* TopSitesGetter.swift */ = {isa = PBXFileReference; lastKnownFileType = sourcecode.swift; path = TopSitesGetter.swift; sourceTree = "<group>"; };
		FFB9E07525FC6745006B2654 /* TopSites.js */ = {isa = PBXFileReference; lastKnownFileType = sourcecode.javascript; path = TopSites.js; sourceTree = "<group>"; };
		FFD279EE25FECDE8000F6DDC /* __firefox__.js */ = {isa = PBXFileReference; lastKnownFileType = sourcecode.javascript; path = __firefox__.js; sourceTree = "<group>"; };
		FFFB0BA825F9F18400DA0FB6 /* BrowserViewController.swift */ = {isa = PBXFileReference; lastKnownFileType = sourcecode.swift; path = BrowserViewController.swift; sourceTree = "<group>"; };
		FFFB0BBB25F9F7CD00DA0FB6 /* WebView+Extension.swift */ = {isa = PBXFileReference; lastKnownFileType = sourcecode.swift; path = "WebView+Extension.swift"; sourceTree = "<group>"; };
		FFFB261725FADC1F00B8E7D5 /* SharedConfig.swift */ = {isa = PBXFileReference; lastKnownFileType = sourcecode.swift; path = SharedConfig.swift; sourceTree = "<group>"; };
		FFFB262625FADD9A00B8E7D5 /* Then.swift */ = {isa = PBXFileReference; lastKnownFileType = sourcecode.swift; path = Then.swift; sourceTree = "<group>"; };
		FFFB262A25FADEA800B8E7D5 /* TabContainerView.swift */ = {isa = PBXFileReference; lastKnownFileType = sourcecode.swift; path = TabContainerView.swift; sourceTree = "<group>"; };
		FFFB262E25FADECE00B8E7D5 /* TabView.swift */ = {isa = PBXFileReference; lastKnownFileType = sourcecode.swift; path = TabView.swift; sourceTree = "<group>"; };
		FFFB263125FADEEC00B8E7D5 /* WebContainerView.swift */ = {isa = PBXFileReference; lastKnownFileType = sourcecode.swift; path = WebContainerView.swift; sourceTree = "<group>"; };
		FFFB263425FADF0D00B8E7D5 /* Notification+Extension.swift */ = {isa = PBXFileReference; lastKnownFileType = sourcecode.swift; path = "Notification+Extension.swift"; sourceTree = "<group>"; };
		FFFB263925FADF6A00B8E7D5 /* MigrationManager.swift */ = {isa = PBXFileReference; lastKnownFileType = sourcecode.swift; path = MigrationManager.swift; sourceTree = "<group>"; };
		FFFB263C25FADF7D00B8E7D5 /* WebViewManager.swift */ = {isa = PBXFileReference; lastKnownFileType = sourcecode.swift; path = WebViewManager.swift; sourceTree = "<group>"; };
		FFFB263F25FADF9700B8E7D5 /* SuggestionManager.swift */ = {isa = PBXFileReference; lastKnownFileType = sourcecode.swift; path = SuggestionManager.swift; sourceTree = "<group>"; };
		FFFB264225FADFAD00B8E7D5 /* WebServer.swift */ = {isa = PBXFileReference; lastKnownFileType = sourcecode.swift; path = WebServer.swift; sourceTree = "<group>"; };
		FFFB264525FADFC400B8E7D5 /* AdBlockManager.swift */ = {isa = PBXFileReference; lastKnownFileType = sourcecode.swift; path = AdBlockManager.swift; sourceTree = "<group>"; };
		FFFB264925FAE00500B8E7D5 /* ExtensionModel.swift */ = {isa = PBXFileReference; lastKnownFileType = sourcecode.swift; path = ExtensionModel.swift; sourceTree = "<group>"; };
		FFFB264D25FAE01B00B8E7D5 /* BrowsingSession.swift */ = {isa = PBXFileReference; lastKnownFileType = sourcecode.swift; path = BrowsingSession.swift; sourceTree = "<group>"; };
		FFFB265025FAE02E00B8E7D5 /* HistoryEntry.swift */ = {isa = PBXFileReference; lastKnownFileType = sourcecode.swift; path = HistoryEntry.swift; sourceTree = "<group>"; };
		FFFB265325FAE04000B8E7D5 /* BookMark.swift */ = {isa = PBXFileReference; lastKnownFileType = sourcecode.swift; path = BookMark.swift; sourceTree = "<group>"; };
		FFFB265925FAE1FD00B8E7D5 /* TabCountButton.swift */ = {isa = PBXFileReference; lastKnownFileType = sourcecode.swift; path = TabCountButton.swift; sourceTree = "<group>"; };
		FFFB265D25FAE2B500B8E7D5 /* DoneAccessoryView.swift */ = {isa = PBXFileReference; lastKnownFileType = sourcecode.swift; path = DoneAccessoryView.swift; sourceTree = "<group>"; };
		FFFB266125FAE30A00B8E7D5 /* SharedTextField.swift */ = {isa = PBXFileReference; lastKnownFileType = sourcecode.swift; path = SharedTextField.swift; sourceTree = "<group>"; };
		FFFB266425FAE32200B8E7D5 /* SharedDropdownMenu.swift */ = {isa = PBXFileReference; lastKnownFileType = sourcecode.swift; path = SharedDropdownMenu.swift; sourceTree = "<group>"; };
		FFFB266725FAE33B00B8E7D5 /* BookmarkCollectionViewCell.swift */ = {isa = PBXFileReference; lastKnownFileType = sourcecode.swift; path = BookmarkCollectionViewCell.swift; sourceTree = "<group>"; };
		FFFB266A25FAE35500B8E7D5 /* BookmarkTableViewCell.swift */ = {isa = PBXFileReference; lastKnownFileType = sourcecode.swift; path = BookmarkTableViewCell.swift; sourceTree = "<group>"; };
		FFFB266D25FAE36900B8E7D5 /* AutocompleteView.swift */ = {isa = PBXFileReference; lastKnownFileType = sourcecode.swift; path = AutocompleteView.swift; sourceTree = "<group>"; };
		FFFB267025FAE38000B8E7D5 /* TabCollectionViewCell.swift */ = {isa = PBXFileReference; lastKnownFileType = sourcecode.swift; path = TabCollectionViewCell.swift; sourceTree = "<group>"; };
		FFFB267325FAE52D00B8E7D5 /* HistoryTableViewController.swift */ = {isa = PBXFileReference; lastKnownFileType = sourcecode.swift; path = HistoryTableViewController.swift; sourceTree = "<group>"; };
		FFFB267625FAE5AE00B8E7D5 /* ExtensionsTableViewController.swift */ = {isa = PBXFileReference; lastKnownFileType = sourcecode.swift; path = ExtensionsTableViewController.swift; sourceTree = "<group>"; };
		FFFB267925FAE5CB00B8E7D5 /* ScriptEditorViewController.swift */ = {isa = PBXFileReference; lastKnownFileType = sourcecode.swift; path = ScriptEditorViewController.swift; sourceTree = "<group>"; };
		FFFB267C25FAE5E500B8E7D5 /* BookmarkCollectionViewController.swift */ = {isa = PBXFileReference; lastKnownFileType = sourcecode.swift; path = BookmarkCollectionViewController.swift; sourceTree = "<group>"; };
		FFFB267F25FAE60C00B8E7D5 /* AddBookmarkTableViewController.swift */ = {isa = PBXFileReference; lastKnownFileType = sourcecode.swift; path = AddBookmarkTableViewController.swift; sourceTree = "<group>"; };
		FFFB268225FAE62700B8E7D5 /* SettingsTableViewController.swift */ = {isa = PBXFileReference; lastKnownFileType = sourcecode.swift; path = SettingsTableViewController.swift; sourceTree = "<group>"; };
		FFFB268525FAE64500B8E7D5 /* TabTrayViewController.swift */ = {isa = PBXFileReference; lastKnownFileType = sourcecode.swift; path = TabTrayViewController.swift; sourceTree = "<group>"; };
/* End PBXFileReference section */

/* Begin PBXFrameworksBuildPhase section */
		FF4D883825F9F09800C1263F /* Frameworks */ = {
			isa = PBXFrameworksBuildPhase;
			buildActionMask = 2147483647;
			files = (
				5E56DFC8E06858C93369A5B1 /* Pods_Orion.framework in Frameworks */,
			);
			runOnlyForDeploymentPostprocessing = 0;
		};
/* End PBXFrameworksBuildPhase section */

/* Begin PBXGroup section */
		B27DF4F381255078E2B38CAC /* Frameworks */ = {
			isa = PBXGroup;
			children = (
				4070D622C850E1CC6752796D /* Pods_Orion.framework */,
			);
			name = Frameworks;
			sourceTree = "<group>";
		};
		D31C308BF0EB3BE88C27EB6C /* Pods */ = {
			isa = PBXGroup;
			children = (
				F6EEA1785816E58BAE6F3952 /* Pods-Orion.debug.xcconfig */,
				9F3ACF5D4E78DD052AB0E7F0 /* Pods-Orion.release.xcconfig */,
			);
			path = Pods;
			sourceTree = "<group>";
		};
		FF11D71325FAE8C500923764 /* Javascript Files */ = {
			isa = PBXGroup;
			children = (
				FF11D71425FAE8EA00923764 /* Favicons.js */,
				FFB9E07525FC6745006B2654 /* TopSites.js */,
				FF11D71725FAE8F400923764 /* FirefoxToOrion.js */,
				FFD279EE25FECDE8000F6DDC /* __firefox__.js */,
			);
			path = "Javascript Files";
			sourceTree = "<group>";
		};
		FF4D883225F9F09800C1263F = {
			isa = PBXGroup;
			children = (
				FF4D883D25F9F09800C1263F /* Orion */,
				FF4D883C25F9F09800C1263F /* Products */,
				D31C308BF0EB3BE88C27EB6C /* Pods */,
				B27DF4F381255078E2B38CAC /* Frameworks */,
			);
			sourceTree = "<group>";
		};
		FF4D883C25F9F09800C1263F /* Products */ = {
			isa = PBXGroup;
			children = (
				FF4D883B25F9F09800C1263F /* Orion.app */,
			);
			name = Products;
			sourceTree = "<group>";
		};
		FF4D883D25F9F09800C1263F /* Orion */ = {
			isa = PBXGroup;
			children = (
				FF55514125FA0B180028F6CF /* Helpers */,
				FFFB0BBA25F9F7BF00DA0FB6 /* Extensions */,
				FFFB263825FADF5000B8E7D5 /* Singletons */,
				FFFB264825FADFF000B8E7D5 /* Models */,
				FFFB262925FADE9500B8E7D5 /* Views */,
				FFFB0BB525F9F7A500DA0FB6 /* Controllers */,
				FFFB0BB925F9F7B000DA0FB6 /* Storyboards */,
				FFFB0BAD25F9F78A00DA0FB6 /* Supporting Files */,
			);
			path = Orion;
			sourceTree = "<group>";
		};
		FF55514125FA0B180028F6CF /* Helpers */ = {
			isa = PBXGroup;
			children = (
				FF11D71325FAE8C500923764 /* Javascript Files */,
				FF2BE29325FAC8FA0009418E /* Functions.swift */,
				FFB84FE625FF45F2009EFF8B /* AlertController.swift */,
				FFFB261725FADC1F00B8E7D5 /* SharedConfig.swift */,
				FFFB262625FADD9A00B8E7D5 /* Then.swift */,
				FFB84FCE25FF3BDA009EFF8B /* Bytes.swift */,
				FF1C40D825FFF46000B1822F /* OpenInHelper.swift */,
				FF1C40D525FFF3EB00B1822F /* effective_tld_names.swift */,
				FFFB268825FAE81100B8E7D5 /* Assets */,
			);
			path = Helpers;
			sourceTree = "<group>";
		};
		FFFB0BAD25F9F78A00DA0FB6 /* Supporting Files */ = {
			isa = PBXGroup;
			children = (
				FF4D883E25F9F09800C1263F /* AppDelegate.swift */,
				FF4D884725F9F09B00C1263F /* Assets.xcassets */,
				FF4D884C25F9F09B00C1263F /* Info.plist */,
			);
			path = "Supporting Files";
			sourceTree = "<group>";
		};
		FFFB0BB525F9F7A500DA0FB6 /* Controllers */ = {
			isa = PBXGroup;
			children = (
				FFFB0BA825F9F18400DA0FB6 /* BrowserViewController.swift */,
				FFFB267325FAE52D00B8E7D5 /* HistoryTableViewController.swift */,
				FFFB267625FAE5AE00B8E7D5 /* ExtensionsTableViewController.swift */,
				FFFB267925FAE5CB00B8E7D5 /* ScriptEditorViewController.swift */,
				FFFB267C25FAE5E500B8E7D5 /* BookmarkCollectionViewController.swift */,
				FFFB267F25FAE60C00B8E7D5 /* AddBookmarkTableViewController.swift */,
				FFFB268225FAE62700B8E7D5 /* SettingsTableViewController.swift */,
				FFFB268525FAE64500B8E7D5 /* TabTrayViewController.swift */,
			);
			path = Controllers;
			sourceTree = "<group>";
		};
		FFFB0BB925F9F7B000DA0FB6 /* Storyboards */ = {
			isa = PBXGroup;
			children = (
				FF4D884425F9F09800C1263F /* Main.storyboard */,
				FF4D884925F9F09B00C1263F /* LaunchScreen.storyboard */,
			);
			path = Storyboards;
			sourceTree = "<group>";
		};
		FFFB0BBA25F9F7BF00DA0FB6 /* Extensions */ = {
			isa = PBXGroup;
			children = (
				FFFB0BBB25F9F7CD00DA0FB6 /* WebView+Extension.swift */,
				FF55514A25FA0CCE0028F6CF /* UIColor+Extension.swift */,
				FF848E1C25FA10F60069F769 /* UIView+Extension.swift */,
				FF2BE2B425FACA8D0009418E /* UIImage+Extension.swift */,
				FF2BE2A025FAC9510009418E /* UIViewController+Extension.swift */,
				FF2BE2B925FACAAC0009418E /* OrderedSet.swift */,
				FFFB263425FADF0D00B8E7D5 /* Notification+Extension.swift */,
				FF2BE2A525FAC9E40009418E /* BuiltinExtension.swift */,
				FF2BE2AA25FAC9FA0009418E /* FaviconGetter.swift */,
				FFB9E07225FC6619006B2654 /* TopSitesGetter.swift */,
				FF1C40CB25FFE97800B1822F /* URL+Extension.swift */,
				FF1C40DB25FFF6D000B1822F /* Array+Extension.swift */,
				FF1C40D125FFF08C00B1822F /* String+Extensions.swift */,
			);
			path = Extensions;
			sourceTree = "<group>";
		};
		FFFB262925FADE9500B8E7D5 /* Views */ = {
			isa = PBXGroup;
			children = (
				FFFB265725FAE1E600B8E7D5 /* Main */,
				FFFB265825FAE1ED00B8E7D5 /* UI */,
			);
			path = Views;
			sourceTree = "<group>";
		};
		FFFB263825FADF5000B8E7D5 /* Singletons */ = {
			isa = PBXGroup;
			children = (
				FFFB263925FADF6A00B8E7D5 /* MigrationManager.swift */,
				FFFB263C25FADF7D00B8E7D5 /* WebViewManager.swift */,
				FFFB263F25FADF9700B8E7D5 /* SuggestionManager.swift */,
				FFFB264225FADFAD00B8E7D5 /* WebServer.swift */,
				FFFB264525FADFC400B8E7D5 /* AdBlockManager.swift */,
			);
			path = Singletons;
			sourceTree = "<group>";
		};
		FFFB264825FADFF000B8E7D5 /* Models */ = {
			isa = PBXGroup;
			children = (
				FFFB264925FAE00500B8E7D5 /* ExtensionModel.swift */,
				FFFB264D25FAE01B00B8E7D5 /* BrowsingSession.swift */,
				FFFB265025FAE02E00B8E7D5 /* HistoryEntry.swift */,
				FFFB265325FAE04000B8E7D5 /* BookMark.swift */,
				FF74D4C825FEC7810005E1CD /* AppInfo.swift */,
				FF74D4C525FEC7410005E1CD /* UserAgent.swift */,
				FF74D4CB25FEC7B80005E1CD /* DeviceInfo.swift */,
				FFB84FE025FF44B4009EFF8B /* SimpleToast.swift */,
				FFB84FE325FF450C009EFF8B /* ButtonToast.swift */,
				FFB84FDD25FF4477009EFF8B /* Toast.swift */,
				FFB84FDA25FF4433009EFF8B /* DownloadToast.swift */,
				FFB84FC825FF37B0009EFF8B /* DownloadQueue.swift */,
				FFB84FCB25FF3894009EFF8B /* DownloadContentScript.swift */,
			);
			path = Models;
			sourceTree = "<group>";
		};
		FFFB265725FAE1E600B8E7D5 /* Main */ = {
			isa = PBXGroup;
			children = (
				FF55514225FA0B330028F6CF /* URLBar.swift */,
				FFFB262A25FADEA800B8E7D5 /* TabContainerView.swift */,
				FFFB262E25FADECE00B8E7D5 /* TabView.swift */,
				FFFB263125FADEEC00B8E7D5 /* WebContainerView.swift */,
			);
			path = Main;
			sourceTree = "<group>";
		};
		FFFB265825FAE1ED00B8E7D5 /* UI */ = {
			isa = PBXGroup;
			children = (
				FFFB265925FAE1FD00B8E7D5 /* TabCountButton.swift */,
				FFFB267025FAE38000B8E7D5 /* TabCollectionViewCell.swift */,
				FFFB265D25FAE2B500B8E7D5 /* DoneAccessoryView.swift */,
				FFFB266125FAE30A00B8E7D5 /* SharedTextField.swift */,
				FFFB266425FAE32200B8E7D5 /* SharedDropdownMenu.swift */,
				FFFB266725FAE33B00B8E7D5 /* BookmarkCollectionViewCell.swift */,
				FFFB266A25FAE35500B8E7D5 /* BookmarkTableViewCell.swift */,
				FFFB266D25FAE36900B8E7D5 /* AutocompleteView.swift */,
			);
			path = UI;
			sourceTree = "<group>";
		};
		FFFB268825FAE81100B8E7D5 /* Assets */ = {
			isa = PBXGroup;
			children = (
				FF11D71A25FAEA0500923764 /* topdomains.txt */,
			);
			path = Assets;
			sourceTree = "<group>";
		};
/* End PBXGroup section */

/* Begin PBXNativeTarget section */
		FF4D883A25F9F09800C1263F /* Orion */ = {
			isa = PBXNativeTarget;
			buildConfigurationList = FF4D886525F9F09C00C1263F /* Build configuration list for PBXNativeTarget "Orion" */;
			buildPhases = (
				2DD91C3C1171315A46D628B3 /* [CP] Check Pods Manifest.lock */,
				FF4D883725F9F09800C1263F /* Sources */,
				FF4D883825F9F09800C1263F /* Frameworks */,
				FF4D883925F9F09800C1263F /* Resources */,
				BB2443C56120A1D176B6DF3B /* [CP] Embed Pods Frameworks */,
			);
			buildRules = (
			);
			dependencies = (
			);
			name = Orion;
			productName = Orion;
			productReference = FF4D883B25F9F09800C1263F /* Orion.app */;
			productType = "com.apple.product-type.application";
		};
/* End PBXNativeTarget section */

/* Begin PBXProject section */
		FF4D883325F9F09800C1263F /* Project object */ = {
			isa = PBXProject;
			attributes = {
				LastSwiftUpdateCheck = 1240;
				LastUpgradeCheck = 1240;
				TargetAttributes = {
					FF4D883A25F9F09800C1263F = {
						CreatedOnToolsVersion = 12.4;
					};
				};
			};
			buildConfigurationList = FF4D883625F9F09800C1263F /* Build configuration list for PBXProject "Orion" */;
			compatibilityVersion = "Xcode 9.3";
			developmentRegion = en;
			hasScannedForEncodings = 0;
			knownRegions = (
				en,
				Base,
			);
			mainGroup = FF4D883225F9F09800C1263F;
			productRefGroup = FF4D883C25F9F09800C1263F /* Products */;
			projectDirPath = "";
			projectRoot = "";
			targets = (
				FF4D883A25F9F09800C1263F /* Orion */,
			);
		};
/* End PBXProject section */

/* Begin PBXResourcesBuildPhase section */
		FF4D883925F9F09800C1263F /* Resources */ = {
			isa = PBXResourcesBuildPhase;
			buildActionMask = 2147483647;
			files = (
				FFD279EF25FECDE8000F6DDC /* __firefox__.js in Resources */,
				FF11D71B25FAEA0500923764 /* topdomains.txt in Resources */,
				FF4D884B25F9F09B00C1263F /* LaunchScreen.storyboard in Resources */,
				FF4D884825F9F09B00C1263F /* Assets.xcassets in Resources */,
				FFB9E07625FC6745006B2654 /* TopSites.js in Resources */,
				FF4D884625F9F09800C1263F /* Main.storyboard in Resources */,
				FF11D71525FAE8EA00923764 /* Favicons.js in Resources */,
				FF11D71825FAE8F400923764 /* FirefoxToOrion.js in Resources */,
			);
			runOnlyForDeploymentPostprocessing = 0;
		};
/* End PBXResourcesBuildPhase section */

/* Begin PBXShellScriptBuildPhase section */
		2DD91C3C1171315A46D628B3 /* [CP] Check Pods Manifest.lock */ = {
			isa = PBXShellScriptBuildPhase;
			buildActionMask = 2147483647;
			files = (
			);
			inputFileListPaths = (
			);
			inputPaths = (
				"${PODS_PODFILE_DIR_PATH}/Podfile.lock",
				"${PODS_ROOT}/Manifest.lock",
			);
			name = "[CP] Check Pods Manifest.lock";
			outputFileListPaths = (
			);
			outputPaths = (
				"$(DERIVED_FILE_DIR)/Pods-Orion-checkManifestLockResult.txt",
			);
			runOnlyForDeploymentPostprocessing = 0;
			shellPath = /bin/sh;
			shellScript = "diff \"${PODS_PODFILE_DIR_PATH}/Podfile.lock\" \"${PODS_ROOT}/Manifest.lock\" > /dev/null\nif [ $? != 0 ] ; then\n    # print error to STDERR\n    echo \"error: The sandbox is not in sync with the Podfile.lock. Run 'pod install' or update your CocoaPods installation.\" >&2\n    exit 1\nfi\n# This output is used by Xcode 'outputs' to avoid re-running this script phase.\necho \"SUCCESS\" > \"${SCRIPT_OUTPUT_FILE_0}\"\n";
			showEnvVarsInLog = 0;
		};
		BB2443C56120A1D176B6DF3B /* [CP] Embed Pods Frameworks */ = {
			isa = PBXShellScriptBuildPhase;
			buildActionMask = 2147483647;
			files = (
			);
			inputFileListPaths = (
				"${PODS_ROOT}/Target Support Files/Pods-Orion/Pods-Orion-frameworks-${CONFIGURATION}-input-files.xcfilelist",
			);
			name = "[CP] Embed Pods Frameworks";
			outputFileListPaths = (
				"${PODS_ROOT}/Target Support Files/Pods-Orion/Pods-Orion-frameworks-${CONFIGURATION}-output-files.xcfilelist",
			);
			runOnlyForDeploymentPostprocessing = 0;
			shellPath = /bin/sh;
			shellScript = "\"${PODS_ROOT}/Target Support Files/Pods-Orion/Pods-Orion-frameworks.sh\"\n";
			showEnvVarsInLog = 0;
		};
/* End PBXShellScriptBuildPhase section */

/* Begin PBXSourcesBuildPhase section */
		FF4D883725F9F09800C1263F /* Sources */ = {
			isa = PBXSourcesBuildPhase;
			buildActionMask = 2147483647;
			files = (
				FFFB264A25FAE00500B8E7D5 /* ExtensionModel.swift in Sources */,
				FFFB266B25FAE35500B8E7D5 /* BookmarkTableViewCell.swift in Sources */,
				FF2BE2B525FACA8D0009418E /* UIImage+Extension.swift in Sources */,
				FF2BE2A125FAC9510009418E /* UIViewController+Extension.swift in Sources */,
				FF74D4C625FEC7410005E1CD /* UserAgent.swift in Sources */,
				FFFB264E25FAE01B00B8E7D5 /* BrowsingSession.swift in Sources */,
				FF1C40D625FFF3EB00B1822F /* effective_tld_names.swift in Sources */,
				FFFB263A25FADF6A00B8E7D5 /* MigrationManager.swift in Sources */,
				FFFB265A25FAE1FD00B8E7D5 /* TabCountButton.swift in Sources */,
				FFB84FDB25FF4433009EFF8B /* DownloadToast.swift in Sources */,
				FF848E1D25FA10F60069F769 /* UIView+Extension.swift in Sources */,
				FFFB267125FAE38000B8E7D5 /* TabCollectionViewCell.swift in Sources */,
				FFB84FE725FF45F2009EFF8B /* AlertController.swift in Sources */,
				FF1C40D225FFF08C00B1822F /* String+Extensions.swift in Sources */,
				FFFB265125FAE02E00B8E7D5 /* HistoryEntry.swift in Sources */,
				FFFB0BBC25F9F7CD00DA0FB6 /* WebView+Extension.swift in Sources */,
				FF2BE2A625FAC9E40009418E /* BuiltinExtension.swift in Sources */,
				FFFB263D25FADF7D00B8E7D5 /* WebViewManager.swift in Sources */,
				FF1C40D925FFF46000B1822F /* OpenInHelper.swift in Sources */,
				FFB84FE125FF44B4009EFF8B /* SimpleToast.swift in Sources */,
				FFFB266525FAE32200B8E7D5 /* SharedDropdownMenu.swift in Sources */,
				FFFB265425FAE04000B8E7D5 /* BookMark.swift in Sources */,
				FFFB262B25FADEA900B8E7D5 /* TabContainerView.swift in Sources */,
				FFB9E07325FC6619006B2654 /* TopSitesGetter.swift in Sources */,
				FFFB263525FADF0D00B8E7D5 /* Notification+Extension.swift in Sources */,
				FFFB264625FADFC400B8E7D5 /* AdBlockManager.swift in Sources */,
				FFFB267425FAE52D00B8E7D5 /* HistoryTableViewController.swift in Sources */,
				FF74D4CC25FEC7B80005E1CD /* DeviceInfo.swift in Sources */,
				FFFB268325FAE62700B8E7D5 /* SettingsTableViewController.swift in Sources */,
				FF4D883F25F9F09800C1263F /* AppDelegate.swift in Sources */,
				FFFB264025FADF9700B8E7D5 /* SuggestionManager.swift in Sources */,
				FF2BE2AB25FAC9FA0009418E /* FaviconGetter.swift in Sources */,
				FFB84FC925FF37B0009EFF8B /* DownloadQueue.swift in Sources */,
				FFFB268625FAE64500B8E7D5 /* TabTrayViewController.swift in Sources */,
				FFFB268025FAE60C00B8E7D5 /* AddBookmarkTableViewController.swift in Sources */,
				FFFB267725FAE5AF00B8E7D5 /* ExtensionsTableViewController.swift in Sources */,
				FFFB266E25FAE36900B8E7D5 /* AutocompleteView.swift in Sources */,
				FF2BE2BA25FACAAC0009418E /* OrderedSet.swift in Sources */,
				FFFB267D25FAE5E500B8E7D5 /* BookmarkCollectionViewController.swift in Sources */,
				FF2BE29425FAC8FA0009418E /* Functions.swift in Sources */,
				FFFB262F25FADECE00B8E7D5 /* TabView.swift in Sources */,
				FFB84FCC25FF3894009EFF8B /* DownloadContentScript.swift in Sources */,
				FFFB0BA925F9F18400DA0FB6 /* BrowserViewController.swift in Sources */,
				FFFB263225FADEEC00B8E7D5 /* WebContainerView.swift in Sources */,
				FFFB264325FADFAD00B8E7D5 /* WebServer.swift in Sources */,
				FFFB265E25FAE2B500B8E7D5 /* DoneAccessoryView.swift in Sources */,
				FF55514325FA0B330028F6CF /* URLBar.swift in Sources */,
				FFFB261825FADC1F00B8E7D5 /* SharedConfig.swift in Sources */,
				FFFB262725FADD9A00B8E7D5 /* Then.swift in Sources */,
				FF74D4C925FEC7810005E1CD /* AppInfo.swift in Sources */,
				FFFB267A25FAE5CB00B8E7D5 /* ScriptEditorViewController.swift in Sources */,
				FF1C40CC25FFE97800B1822F /* URL+Extension.swift in Sources */,
				FF55514B25FA0CCE0028F6CF /* UIColor+Extension.swift in Sources */,
				FFB84FCF25FF3BDA009EFF8B /* Bytes.swift in Sources */,
				FFB84FDE25FF4477009EFF8B /* Toast.swift in Sources */,
				FF1C40DC25FFF6D000B1822F /* Array+Extension.swift in Sources */,
				FFFB266225FAE30B00B8E7D5 /* SharedTextField.swift in Sources */,
				FFFB266825FAE33B00B8E7D5 /* BookmarkCollectionViewCell.swift in Sources */,
				FFB84FE425FF450C009EFF8B /* ButtonToast.swift in Sources */,
			);
			runOnlyForDeploymentPostprocessing = 0;
		};
/* End PBXSourcesBuildPhase section */

/* Begin PBXVariantGroup section */
		FF4D884425F9F09800C1263F /* Main.storyboard */ = {
			isa = PBXVariantGroup;
			children = (
				FF4D884525F9F09800C1263F /* Base */,
			);
			name = Main.storyboard;
			sourceTree = "<group>";
		};
		FF4D884925F9F09B00C1263F /* LaunchScreen.storyboard */ = {
			isa = PBXVariantGroup;
			children = (
				FF4D884A25F9F09B00C1263F /* Base */,
			);
			name = LaunchScreen.storyboard;
			sourceTree = "<group>";
		};
/* End PBXVariantGroup section */

/* Begin XCBuildConfiguration section */
		FF4D886325F9F09C00C1263F /* Debug */ = {
			isa = XCBuildConfiguration;
			buildSettings = {
				ALWAYS_SEARCH_USER_PATHS = NO;
				CLANG_ANALYZER_NONNULL = YES;
				CLANG_ANALYZER_NUMBER_OBJECT_CONVERSION = YES_AGGRESSIVE;
				CLANG_CXX_LANGUAGE_STANDARD = "gnu++14";
				CLANG_CXX_LIBRARY = "libc++";
				CLANG_ENABLE_MODULES = YES;
				CLANG_ENABLE_OBJC_ARC = YES;
				CLANG_ENABLE_OBJC_WEAK = YES;
				CLANG_WARN_BLOCK_CAPTURE_AUTORELEASING = YES;
				CLANG_WARN_BOOL_CONVERSION = YES;
				CLANG_WARN_COMMA = YES;
				CLANG_WARN_CONSTANT_CONVERSION = YES;
				CLANG_WARN_DEPRECATED_OBJC_IMPLEMENTATIONS = YES;
				CLANG_WARN_DIRECT_OBJC_ISA_USAGE = YES_ERROR;
				CLANG_WARN_DOCUMENTATION_COMMENTS = YES;
				CLANG_WARN_EMPTY_BODY = YES;
				CLANG_WARN_ENUM_CONVERSION = YES;
				CLANG_WARN_INFINITE_RECURSION = YES;
				CLANG_WARN_INT_CONVERSION = YES;
				CLANG_WARN_NON_LITERAL_NULL_CONVERSION = YES;
				CLANG_WARN_OBJC_IMPLICIT_RETAIN_SELF = YES;
				CLANG_WARN_OBJC_LITERAL_CONVERSION = YES;
				CLANG_WARN_OBJC_ROOT_CLASS = YES_ERROR;
				CLANG_WARN_QUOTED_INCLUDE_IN_FRAMEWORK_HEADER = YES;
				CLANG_WARN_RANGE_LOOP_ANALYSIS = YES;
				CLANG_WARN_STRICT_PROTOTYPES = YES;
				CLANG_WARN_SUSPICIOUS_MOVE = YES;
				CLANG_WARN_UNGUARDED_AVAILABILITY = YES_AGGRESSIVE;
				CLANG_WARN_UNREACHABLE_CODE = YES;
				CLANG_WARN__DUPLICATE_METHOD_MATCH = YES;
				COPY_PHASE_STRIP = NO;
				DEBUG_INFORMATION_FORMAT = dwarf;
				ENABLE_STRICT_OBJC_MSGSEND = YES;
				ENABLE_TESTABILITY = YES;
				GCC_C_LANGUAGE_STANDARD = gnu11;
				GCC_DYNAMIC_NO_PIC = NO;
				GCC_NO_COMMON_BLOCKS = YES;
				GCC_OPTIMIZATION_LEVEL = 0;
				GCC_PREPROCESSOR_DEFINITIONS = (
					"DEBUG=1",
					"$(inherited)",
				);
				GCC_WARN_64_TO_32_BIT_CONVERSION = YES;
				GCC_WARN_ABOUT_RETURN_TYPE = YES_ERROR;
				GCC_WARN_UNDECLARED_SELECTOR = YES;
				GCC_WARN_UNINITIALIZED_AUTOS = YES_AGGRESSIVE;
				GCC_WARN_UNUSED_FUNCTION = YES;
				GCC_WARN_UNUSED_VARIABLE = YES;
				IPHONEOS_DEPLOYMENT_TARGET = 13.0;
				MTL_ENABLE_DEBUG_INFO = INCLUDE_SOURCE;
				MTL_FAST_MATH = YES;
				ONLY_ACTIVE_ARCH = YES;
				SDKROOT = iphoneos;
				SWIFT_ACTIVE_COMPILATION_CONDITIONS = DEBUG;
				SWIFT_OPTIMIZATION_LEVEL = "-Onone";
			};
			name = Debug;
		};
		FF4D886425F9F09C00C1263F /* Release */ = {
			isa = XCBuildConfiguration;
			buildSettings = {
				ALWAYS_SEARCH_USER_PATHS = NO;
				CLANG_ANALYZER_NONNULL = YES;
				CLANG_ANALYZER_NUMBER_OBJECT_CONVERSION = YES_AGGRESSIVE;
				CLANG_CXX_LANGUAGE_STANDARD = "gnu++14";
				CLANG_CXX_LIBRARY = "libc++";
				CLANG_ENABLE_MODULES = YES;
				CLANG_ENABLE_OBJC_ARC = YES;
				CLANG_ENABLE_OBJC_WEAK = YES;
				CLANG_WARN_BLOCK_CAPTURE_AUTORELEASING = YES;
				CLANG_WARN_BOOL_CONVERSION = YES;
				CLANG_WARN_COMMA = YES;
				CLANG_WARN_CONSTANT_CONVERSION = YES;
				CLANG_WARN_DEPRECATED_OBJC_IMPLEMENTATIONS = YES;
				CLANG_WARN_DIRECT_OBJC_ISA_USAGE = YES_ERROR;
				CLANG_WARN_DOCUMENTATION_COMMENTS = YES;
				CLANG_WARN_EMPTY_BODY = YES;
				CLANG_WARN_ENUM_CONVERSION = YES;
				CLANG_WARN_INFINITE_RECURSION = YES;
				CLANG_WARN_INT_CONVERSION = YES;
				CLANG_WARN_NON_LITERAL_NULL_CONVERSION = YES;
				CLANG_WARN_OBJC_IMPLICIT_RETAIN_SELF = YES;
				CLANG_WARN_OBJC_LITERAL_CONVERSION = YES;
				CLANG_WARN_OBJC_ROOT_CLASS = YES_ERROR;
				CLANG_WARN_QUOTED_INCLUDE_IN_FRAMEWORK_HEADER = YES;
				CLANG_WARN_RANGE_LOOP_ANALYSIS = YES;
				CLANG_WARN_STRICT_PROTOTYPES = YES;
				CLANG_WARN_SUSPICIOUS_MOVE = YES;
				CLANG_WARN_UNGUARDED_AVAILABILITY = YES_AGGRESSIVE;
				CLANG_WARN_UNREACHABLE_CODE = YES;
				CLANG_WARN__DUPLICATE_METHOD_MATCH = YES;
				COPY_PHASE_STRIP = NO;
				DEBUG_INFORMATION_FORMAT = "dwarf-with-dsym";
				ENABLE_NS_ASSERTIONS = NO;
				ENABLE_STRICT_OBJC_MSGSEND = YES;
				GCC_C_LANGUAGE_STANDARD = gnu11;
				GCC_NO_COMMON_BLOCKS = YES;
				GCC_WARN_64_TO_32_BIT_CONVERSION = YES;
				GCC_WARN_ABOUT_RETURN_TYPE = YES_ERROR;
				GCC_WARN_UNDECLARED_SELECTOR = YES;
				GCC_WARN_UNINITIALIZED_AUTOS = YES_AGGRESSIVE;
				GCC_WARN_UNUSED_FUNCTION = YES;
				GCC_WARN_UNUSED_VARIABLE = YES;
				IPHONEOS_DEPLOYMENT_TARGET = 13.0;
				MTL_ENABLE_DEBUG_INFO = NO;
				MTL_FAST_MATH = YES;
				SDKROOT = iphoneos;
				SWIFT_COMPILATION_MODE = wholemodule;
				SWIFT_OPTIMIZATION_LEVEL = "-O";
				VALIDATE_PRODUCT = YES;
			};
			name = Release;
		};
		FF4D886625F9F09C00C1263F /* Debug */ = {
			isa = XCBuildConfiguration;
			baseConfigurationReference = F6EEA1785816E58BAE6F3952 /* Pods-Orion.debug.xcconfig */;
			buildSettings = {
				ASSETCATALOG_COMPILER_APPICON_NAME = AppIcon;
				ASSETCATALOG_COMPILER_GLOBAL_ACCENT_COLOR_NAME = AccentColor;
				CODE_SIGN_STYLE = Automatic;
				DEVELOPMENT_TEAM = YK8CKY785K;
				INFOPLIST_FILE = "$(SRCROOT)/Orion/Supporting Files/Info.plist";
				IPHONEOS_DEPLOYMENT_TARGET = 13.0;
				LD_RUNPATH_SEARCH_PATHS = (
					"$(inherited)",
					"@executable_path/Frameworks",
				);
				PRODUCT_BUNDLE_IDENTIFIER = com.eduard.Orion;
				PRODUCT_NAME = "$(TARGET_NAME)";
				SWIFT_VERSION = 5.0;
				TARGETED_DEVICE_FAMILY = "1,2";
			};
			name = Debug;
		};
		FF4D886725F9F09C00C1263F /* Release */ = {
			isa = XCBuildConfiguration;
			baseConfigurationReference = 9F3ACF5D4E78DD052AB0E7F0 /* Pods-Orion.release.xcconfig */;
			buildSettings = {
				ASSETCATALOG_COMPILER_APPICON_NAME = AppIcon;
				ASSETCATALOG_COMPILER_GLOBAL_ACCENT_COLOR_NAME = AccentColor;
				CODE_SIGN_STYLE = Automatic;
				DEVELOPMENT_TEAM = YK8CKY785K;
				INFOPLIST_FILE = "$(SRCROOT)/Orion/Supporting Files/Info.plist";
				IPHONEOS_DEPLOYMENT_TARGET = 13.0;
				LD_RUNPATH_SEARCH_PATHS = (
					"$(inherited)",
					"@executable_path/Frameworks",
				);
				PRODUCT_BUNDLE_IDENTIFIER = com.eduard.Orion;
				PRODUCT_NAME = "$(TARGET_NAME)";
				SWIFT_VERSION = 5.0;
				TARGETED_DEVICE_FAMILY = "1,2";
			};
			name = Release;
		};
/* End XCBuildConfiguration section */

/* Begin XCConfigurationList section */
		FF4D883625F9F09800C1263F /* Build configuration list for PBXProject "Orion" */ = {
			isa = XCConfigurationList;
			buildConfigurations = (
				FF4D886325F9F09C00C1263F /* Debug */,
				FF4D886425F9F09C00C1263F /* Release */,
			);
			defaultConfigurationIsVisible = 0;
			defaultConfigurationName = Release;
		};
		FF4D886525F9F09C00C1263F /* Build configuration list for PBXNativeTarget "Orion" */ = {
			isa = XCConfigurationList;
			buildConfigurations = (
				FF4D886625F9F09C00C1263F /* Debug */,
				FF4D886725F9F09C00C1263F /* Release */,
			);
			defaultConfigurationIsVisible = 0;
			defaultConfigurationName = Release;
		};
/* End XCConfigurationList section */
	};
	rootObject = FF4D883325F9F09800C1263F /* Project object */;
}
